
Microsoft Visual Studio Solution File, Format Version 11.00
# Visual Studio 2010
Project("{8BC9CEB8-8B4A-11D0-8D11-00A0C91BC942}") = "Updater", "Updater\Updater.vcxproj", "{632B2AF6-E23C-4CC1-9163-B2BC5BF9E626}"
EndProject
Global
	GlobalSection(SolutionConfigurationPlatforms) = preSolution
		Debug|Win32 = Debug|Win32
		Release|Win32 = Release|Win32
	EndGlobalSection
	GlobalSection(ProjectConfigurationPlatforms) = postSolution
		{632B2AF6-E23C-4CC1-9163-B2BC5BF9E626}.Debug|Win32.ActiveCfg = Debug|Win32
		{632B2AF6-E23C-4CC1-9163-B2BC5BF9E626}.Debug|Win32.Build.0 = Debug|Win32
		{632B2AF6-E23C-4CC1-9163-B2BC5BF9E626}.Release|Win32.ActiveCfg = Release|Win32
		{632B2AF6-E23C-4CC1-9163-B2BC5BF9E626}.Release|Win32.Build.0 = Release|Win32
	EndGlobalSection
	GlobalSection(SolutionProperties) = preSolution
		HideSolutionNode = FALSE
	EndGlobalSection
EndGlobal
